lockfile_version: '1'
generated_at: '2026-08-15T17:53:47.233079+00:00'
apm_version: 0.28.0
dependencies:
- repo_url: mubaidr/gem-team
  name: gem-team
  host: github.com
  resolved_commit: a4ed0eb7ef9422fc030292aad3c177f1dc872b53
  version: 1.105.0
  package_type: marketplace_plugin
  deployed_files:
  - .agents/skills/gem-design-md-guidelines
  - .agents/skills/gem-design-md-guidelines/SKILL.md
  - .agents/skills/gem-devops-guidelines
  - .agents/skills/gem-devops-guidelines/SKILL.md
  - .opencode/agents/gem-browser-tester.md
  - .opencode/agents/gem-code-simplifier.md
  - .opencode/agents/gem-debugger.md
  - .opencode/agents/gem-designer.md
  - .opencode/agents/gem-devops.md
  - .opencode/agents/gem-documentation-writer.md
  - .opencode/agents/gem-implementer.md
  - .opencode/agents/gem-mobile-tester.md
  - .opencode/agents/gem-orchestrator.md
  - .opencode/agents/gem-planner.md
  - .opencode/agents/gem-researcher.md
  - .opencode/agents/gem-reviewer.md
  - .opencode/agents/gem-skill-creator.md
  deployed_file_hashes:
    .agents/skills/gem-design-md-guidelines/SKILL.md: sha256:26c3ec8514052a32892ecdbc28dbefd63b8b07590dcd1fa98ac95475605a3594
    .agents/skills/gem-devops-guidelines/SKILL.md: sha256:a40484283c1c000e74ba4089284455660684fe022fecb8beb079b206a20c42e8
    .opencode/agents/gem-browser-tester.md: sha256:c64d2df9eebbf68f2064958a1cd151ec80991090b453bf565b64a3285c7f9187
    .opencode/agents/gem-code-simplifier.md: sha256:416b0e723e74141f07115777e76508a959a0e5de4c5ccb6878db98833fae9811
    .opencode/agents/gem-debugger.md: sha256:2ee5cee09d1a7bc8304b5447f83546d5a1a66071eb297d261ebcb43160d8d1be
    .opencode/agents/gem-designer.md: sha256:c53d49b1bc5061a15e47b30ee54b13257c7b3a50da482a311edb0f6a1f28b882
    .opencode/agents/gem-devops.md: sha256:17c325ee99783d84627dcc82c84dfde4272e088378dd1c91bf608aebb954f3b6
    .opencode/agents/gem-documentation-writer.md: sha256:25a9a7bccbe5827d58512820b0ae301c962fb216b76c6450d8f6bac4e13dbc5f
    .opencode/agents/gem-implementer.md: sha256:93bebc1a534c497510858aba770e1006610399cd4977f8ef466b278bdbf07b82
    .opencode/agents/gem-mobile-tester.md: sha256:4e0fa76287b96890f154928a37bece4375f5d249a9eade6dbffad6949a21205f
    .opencode/agents/gem-orchestrator.md: sha256:3bfdcb6ee1e1c53ecd6d5252ecb725149f9a3cba75fcff1fb3a0ae4c96edcb74
    .opencode/agents/gem-planner.md: sha256:8e2ccb4083d07a280ee5126736bd4f36c9ef16989c9afd223dc5b4604cd9c50e
    .opencode/agents/gem-researcher.md: sha256:78c16de37ffa45142a33bda27c578ab68be6f19170b4b3d317071c67d528bfb1
    .opencode/agents/gem-reviewer.md: sha256:fc10465f166122eb1a84e5cfff3ebe6912f4420c7e1df887826310291d9eea59
    .opencode/agents/gem-skill-creator.md: sha256:60e5f5dfcf52affd4a2ded6915b653f06dc7eee3d122a8f0a46f511c35a55771
  content_hash: sha256:4cbccc3c8fe5ee613c87e96bc4cf3d43a5ebd0303403994adef297bb34f5861f
  declared_license: Apache-2.0
deployments:
- kind: project-relative
  target: opencode
  value: .agents/skills/gem-design-md-guidelines
  runtime: null
  scope: project
  owners:
  - mubaidr/gem-team
  active_owner: mubaidr/gem-team
  content_hash: null
- kind: project-relative
  target: opencode
  value: .agents/skills/gem-design-md-guidelines/SKILL.md
  runtime: null
  scope: project
  owners:
  - mubaidr/gem-team
  active_owner: mubaidr/gem-team
  content_hash: sha256:26c3ec8514052a32892ecdbc28dbefd63b8b07590dcd1fa98ac95475605a3594
- kind: project-relative
  target: opencode
  value: .agents/skills/gem-devops-guidelines
  runtime: null
  scope: project
  owners:
  - mubaidr/gem-team
  active_owner: mubaidr/gem-team
  content_hash: null
- kind: project-relative
  target: opencode
  value: .agents/skills/gem-devops-guidelines/SKILL.md
  runtime: null
  scope: project
  owners:
  - mubaidr/gem-team
  active_owner: mubaidr/gem-team
  content_hash: sha256:a40484283c1c000e74ba4089284455660684fe022fecb8beb079b206a20c42e8
- kind: project-relative
  target: opencode
  value: .opencode/agents/gem-browser-tester.md
  runtime: null
  scope: project
  owners:
  - mubaidr/gem-team
  active_owner: mubaidr/gem-team
  content_hash: sha256:c64d2df9eebbf68f2064958a1cd151ec80991090b453bf565b64a3285c7f9187
- kind: project-relative
  target: opencode
  value: .opencode/agents/gem-code-simplifier.md
  runtime: null
  scope: project
  owners:
  - mubaidr/gem-team
  active_owner: mubaidr/gem-team
  content_hash: sha256:416b0e723e74141f07115777e76508a959a0e5de4c5ccb6878db98833fae9811
- kind: project-relative
  target: opencode
  value: .opencode/agents/gem-debugger.md
  runtime: null
  scope: project
  owners:
  - mubaidr/gem-team
  active_owner: mubaidr/gem-team
  content_hash: sha256:2ee5cee09d1a7bc8304b5447f83546d5a1a66071eb297d261ebcb43160d8d1be
- kind: project-relative
  target: opencode
  value: .opencode/agents/gem-designer.md
  runtime: null
  scope: project
  owners:
  - mubaidr/gem-team
  active_owner: mubaidr/gem-team
  content_hash: sha256:c53d49b1bc5061a15e47b30ee54b13257c7b3a50da482a311edb0f6a1f28b882
- kind: project-relative
  target: opencode
  value: .opencode/agents/gem-devops.md
  runtime: null
  scope: project
  owners:
  - mubaidr/gem-team
  active_owner: mubaidr/gem-team
  content_hash: sha256:17c325ee99783d84627dcc82c84dfde4272e088378dd1c91bf608aebb954f3b6
- kind: project-relative
  target: opencode
  value: .opencode/agents/gem-documentation-writer.md
  runtime: null
  scope: project
  owners:
  - mubaidr/gem-team
  active_owner: mubaidr/gem-team
  content_hash: sha256:25a9a7bccbe5827d58512820b0ae301c962fb216b76c6450d8f6bac4e13dbc5f
- kind: project-relative
  target: opencode
  value: .opencode/agents/gem-implementer.md
  runtime: null
  scope: project
  owners:
  - mubaidr/gem-team
  active_owner: mubaidr/gem-team
  content_hash: sha256:93bebc1a534c497510858aba770e1006610399cd4977f8ef466b278bdbf07b82
- kind: project-relative
  target: opencode
  value: .opencode/agents/gem-mobile-tester.md
  runtime: null
  scope: project
  owners:
  - mubaidr/gem-team
  active_owner: mubaidr/gem-team
  content_hash: sha256:4e0fa76287b96890f154928a37bece4375f5d249a9eade6dbffad6949a21205f
- kind: project-relative
  target: opencode
  value: .opencode/agents/gem-orchestrator.md
  runtime: null
  scope: project
  owners:
  - mubaidr/gem-team
  active_owner: mubaidr/gem-team
  content_hash: sha256:3bfdcb6ee1e1c53ecd6d5252ecb725149f9a3cba75fcff1fb3a0ae4c96edcb74
- kind: project-relative
  target: opencode
  value: .opencode/agents/gem-planner.md
  runtime: null
  scope: project
  owners:
  - mubaidr/gem-team
  active_owner: mubaidr/gem-team
  content_hash: sha256:8e2ccb4083d07a280ee5126736bd4f36c9ef16989c9afd223dc5b4604cd9c50e
- kind: project-relative
  target: opencode
  value: .opencode/agents/gem-researcher.md
  runtime: null
  scope: project
  owners:
  - mubaidr/gem-team
  active_owner: mubaidr/gem-team
  content_hash: sha256:78c16de37ffa45142a33bda27c578ab68be6f19170b4b3d317071c67d528bfb1
- kind: project-relative
  target: opencode
  value: .opencode/agents/gem-reviewer.md
  runtime: null
  scope: project
  owners:
  - mubaidr/gem-team
  active_owner: mubaidr/gem-team
  content_hash: sha256:fc10465f166122eb1a84e5cfff3ebe6912f4420c7e1df887826310291d9eea59
- kind: project-relative
  target: opencode
  value: .opencode/agents/gem-skill-creator.md
  runtime: null
  scope: project
  owners:
  - mubaidr/gem-team
  active_owner: mubaidr/gem-team
  content_hash: sha256:60e5f5dfcf52affd4a2ded6915b653f06dc7eee3d122a8f0a46f511c35a55771
